
Microsoft Visual Studio Solution File, Format Version 12.00
Project("{FAE04EC0-301F-11D3-BF4B-00C04F79EFBC}") = "HttpClientHandlers", "HttpClientHandlers\HttpClientHandlers.csproj", "{1D1774D8-6EF1-474F-9984-A665B8C3C1EF}"
EndProject
Global
	GlobalSection(SolutionConfigurationPlatforms) = preSolution
		Debug|Any CPU = Debug|Any CPU
		Release|Any CPU = Release|Any CPU
	EndGlobalSection
	GlobalSection(ProjectConfigurationPlatforms) = postSolution
		{1D1774D8-6EF1-474F-9984-A665B8C3C1EF}.Debug|Any CPU.ActiveCfg = Debug|Any CPU
		{1D1774D8-6EF1-474F-9984-A665B8C3C1EF}.Debug|Any CPU.Build.0 = Debug|Any CPU
		{1D1774D8-6EF1-474F-9984-A665B8C3C1EF}.Release|Any CPU.ActiveCfg = Release|Any CPU
		{1D1774D8-6EF1-474F-9984-A665B8C3C1EF}.Release|Any CPU.Build.0 = Release|Any CPU
	EndGlobalSection
EndGlobal
